// !$*UTF8*$!
{
	archiveVersion = 1;
	classes = {
	};
	objectVersion = 56;
	objects = {

/* Begin PBXBuildFile section */
		43632EE429F8B18700A332E6 /* CryptoFoglioApp.swift in Sources */ = {isa = PBXBuildFile; fileRef = 43632EE329F8B18700A332E6 /* CryptoFoglioApp.swift */; };
		43632EE629F8B18700A332E6 /* ContentView.swift in Sources */ = {isa = PBXBuildFile; fileRef = 43632EE529F8B18700A332E6 /* ContentView.swift */; };
		43632EE829F8B18900A332E6 /* Assets.xcassets in Resources */ = {isa = PBXBuildFile; fileRef = 43632EE729F8B18900A332E6 /* Assets.xcassets */; };
		43632EEC29F8B18900A332E6 /* Preview Assets.xcassets in Resources */ = {isa = PBXBuildFile; fileRef = 43632EEB29F8B18900A332E6 /* Preview Assets.xcassets */; };
		43632EF629F8B18900A332E6 /* CryptoFoglioTests.swift in Sources */ = {isa = PBXBuildFile; fileRef = 43632EF529F8B18900A332E6 /* CryptoFoglioTests.swift */; };
		43632F0029F8B18900A332E6 /* CryptoFoglioUITests.swift in Sources */ = {isa = PBXBuildFile; fileRef = 43632EFF29F8B18900A332E6 /* CryptoFoglioUITests.swift */; };
		43632F0229F8B18900A332E6 /* CryptoFoglioUITestsLaunchTests.swift in Sources */ = {isa = PBXBuildFile; fileRef = 43632F0129F8B18900A332E6 /* CryptoFoglioUITestsLaunchTests.swift */; };
		43632F1129F8B28D00A332E6 /* Home.swift in Sources */ = {isa = PBXBuildFile; fileRef = 43632F1029F8B28D00A332E6 /* Home.swift */; };
/* End PBXBuildFile section */

/* Begin PBXContainerItemProxy section */
		43632EF229F8B18900A332E6 /* PBXContainerItemProxy */ = {
			isa = PBXContainerItemProxy;
			containerPortal = 43632ED829F8B18700A332E6 /* Project object */;
			proxyType = 1;
			remoteGlobalIDString = 43632EDF29F8B18700A332E6;
			remoteInfo = CryptoFoglio;
		};
		43632EFC29F8B18900A332E6 /* PBXContainerItemProxy */ = {
			isa = PBXContainerItemProxy;
			containerPortal = 43632ED829F8B18700A332E6 /* Project object */;
			proxyType = 1;
			remoteGlobalIDString = 43632EDF29F8B18700A332E6;
			remoteInfo = CryptoFoglio;
		};
/* End PBXContainerItemProxy section */

/* Begin PBXFileReference section */
		43632EE029F8B18700A332E6 /* CryptoFoglio.app */ = {isa = PBXFileReference; explicitFileType = wrapper.application; includeInIndex = 0; path = CryptoFoglio.app; sourceTree = BUILT_PRODUCTS_DIR; };
		43632EE329F8B18700A332E6 /* CryptoFoglioApp.swift */ = {isa = PBXFileReference; lastKnownFileType = sourcecode.swift; path = CryptoFoglioApp.swift; sourceTree = "<group>"; };
		43632EE529F8B18700A332E6 /* ContentView.swift */ = {isa = PBXFileReference; lastKnownFileType = sourcecode.swift; path = ContentView.swift; sourceTree = "<group>"; };
		43632EE729F8B18900A332E6 /* Assets.xcassets */ = {isa = PBXFileReference; lastKnownFileType = folder.assetcatalog; path = Assets.xcassets; sourceTree = "<group>"; };
		43632EE929F8B18900A332E6 /* CryptoFoglio.entitlements */ = {isa = PBXFileReference; lastKnownFileType = text.plist.entitlements; path = CryptoFoglio.entitlements; sourceTree = "<group>"; };
		43632EEB29F8B18900A332E6 /* Preview Assets.xcassets */ = {isa = PBXFileReference; lastKnownFileType = folder.assetcatalog; path = "Preview Assets.xcassets"; sourceTree = "<group>"; };
		43632EF129F8B18900A332E6 /* CryptoFoglioTests.xctest */ = {isa = PBXFileReference; explicitFileType = wrapper.cfbundle; includeInIndex = 0; path = CryptoFoglioTests.xctest; sourceTree = BUILT_PRODUCTS_DIR; };
		43632EF529F8B18900A332E6 /* CryptoFoglioTests.swift */ = {isa = PBXFileReference; lastKnownFileType = sourcecode.swift; path = CryptoFoglioTests.swift; sourceTree = "<group>"; };
		43632EFB29F8B18900A332E6 /* CryptoFoglioUITests.xctest */ = {isa = PBXFileReference; explicitFileType = wrapper.cfbundle; includeInIndex = 0; path = CryptoFoglioUITests.xctest; sourceTree = BUILT_PRODUCTS_DIR; };
		43632EFF29F8B18900A332E6 /* CryptoFoglioUITests.swift */ = {isa = PBXFileReference; lastKnownFileType = sourcecode.swift; path = CryptoFoglioUITests.swift; sourceTree = "<group>"; };
		43632F0129F8B18900A332E6 /* CryptoFoglioUITestsLaunchTests.swift */ = {isa = PBXFileReference; lastKnownFileType = sourcecode.swift; path = CryptoFoglioUITestsLaunchTests.swift; sourceTree = "<group>"; };
		43632F1029F8B28D00A332E6 /* Home.swift */ = {isa = PBXFileReference; lastKnownFileType = sourcecode.swift; path = Home.swift; sourceTree = "<group>"; };
/* End PBXFileReference section */

/* Begin PBXFrameworksBuildPhase section */
		43632EDD29F8B18700A332E6 /* Frameworks */ = {
			isa = PBXFrameworksBuildPhase;
			buildActionMask = 2147483647;
			files = (
			);
			runOnlyForDeploymentPostprocessing = 0;
		};
		43632EEE29F8B18900A332E6 /* Frameworks */ = {
			isa = PBXFrameworksBuildPhase;
			buildActionMask = 2147483647;
			files = (
			);
			runOnlyForDeploymentPostprocessing = 0;
		};
		43632EF829F8B18900A332E6 /* Frameworks */ = {
			isa = PBXFrameworksBuildPhase;
			buildActionMask = 2147483647;
			files = (
			);
			runOnlyForDeploymentPostprocessing = 0;
		};
/* End PBXFrameworksBuildPhase section */

/* Begin PBXGroup section */
		43632ED729F8B18700A332E6 = {
			isa = PBXGroup;
			children = (
				43632EE229F8B18700A332E6 /* CryptoFoglio */,
				43632EF429F8B18900A332E6 /* CryptoFoglioTests */,
				43632EFE29F8B18900A332E6 /* CryptoFoglioUITests */,
				43632EE129F8B18700A332E6 /* Products */,
			);
			sourceTree = "<group>";
		};
		43632EE129F8B18700A332E6 /* Products */ = {
			isa = PBXGroup;
			children = (
				43632EE029F8B18700A332E6 /* CryptoFoglio.app */,
				43632EF129F8B18900A332E6 /* CryptoFoglioTests.xctest */,
				43632EFB29F8B18900A332E6 /* CryptoFoglioUITests.xctest */,
			);
			name = Products;
			sourceTree = "<group>";
		};
		43632EE229F8B18700A332E6 /* CryptoFoglio */ = {
			isa = PBXGroup;
			children = (
				43632F0E29F8B25800A332E6 /* View */,
				43632F0F29F8B26000A332E6 /* Model */,
				43632EE329F8B18700A332E6 /* CryptoFoglioApp.swift */,
				43632EE529F8B18700A332E6 /* ContentView.swift */,
				43632EE729F8B18900A332E6 /* Assets.xcassets */,
				43632EE929F8B18900A332E6 /* CryptoFoglio.entitlements */,
				43632EEA29F8B18900A332E6 /* Preview Content */,
			);
			path = CryptoFoglio;
			sourceTree = "<group>";
		};
		43632EEA29F8B18900A332E6 /* Preview Content */ = {
			isa = PBXGroup;
			children = (
				43632EEB29F8B18900A332E6 /* Preview Assets.xcassets */,
			);
			path = "Preview Content";
			sourceTree = "<group>";
		};
		43632EF429F8B18900A332E6 /* CryptoFoglioTests */ = {
			isa = PBXGroup;
			children = (
				43632EF529F8B18900A332E6 /* CryptoFoglioTests.swift */,
			);
			path = CryptoFoglioTests;
			sourceTree = "<group>";
		};
		43632EFE29F8B18900A332E6 /* CryptoFoglioUITests */ = {
			isa = PBXGroup;
			children = (
				43632EFF29F8B18900A332E6 /* CryptoFoglioUITests.swift */,
				43632F0129F8B18900A332E6 /* CryptoFoglioUITestsLaunchTests.swift */,
			);
			path = CryptoFoglioUITests;
			sourceTree = "<group>";
		};
		43632F0E29F8B25800A332E6 /* View */ = {
			isa = PBXGroup;
			children = (
				43632F1029F8B28D00A332E6 /* Home.swift */,
			);
			path = View;
			sourceTree = "<group>";
		};
		43632F0F29F8B26000A332E6 /* Model */ = {
			isa = PBXGroup;
			children = (
			);
			path = Model;
			sourceTree = "<group>";
		};
/* End PBXGroup section */

/* Begin PBXNativeTarget section */
		43632EDF29F8B18700A332E6 /* CryptoFoglio */ = {
			isa = PBXNativeTarget;
			buildConfigurationList = 43632F0529F8B18900A332E6 /* Build configuration list for PBXNativeTarget "CryptoFoglio" */;
			buildPhases = (
				43632EDC29F8B18700A332E6 /* Sources */,
				43632EDD29F8B18700A332E6 /* Frameworks */,
				43632EDE29F8B18700A332E6 /* Resources */,
			);
			buildRules = (
			);
			dependencies = (
			);
			name = CryptoFoglio;
			productName = CryptoFoglio;
			productReference = 43632EE029F8B18700A332E6 /* CryptoFoglio.app */;
			productType = "com.apple.product-type.application";
		};
		43632EF029F8B18900A332E6 /* CryptoFoglioTests */ = {
			isa = PBXNativeTarget;
			buildConfigurationList = 43632F0829F8B18900A332E6 /* Build configuration list for PBXNativeTarget "CryptoFoglioTests" */;
			buildPhases = (
				43632EED29F8B18900A332E6 /* Sources */,
				43632EEE29F8B18900A332E6 /* Frameworks */,
				43632EEF29F8B18900A332E6 /* Resources */,
			);
			buildRules = (
			);
			dependencies = (
				43632EF329F8B18900A332E6 /* PBXTargetDependency */,
			);
			name = CryptoFoglioTests;
			productName = CryptoFoglioTests;
			productReference = 43632EF129F8B18900A332E6 /* CryptoFoglioTests.xctest */;
			productType = "com.apple.product-type.bundle.unit-test";
		};
		43632EFA29F8B18900A332E6 /* CryptoFoglioUITests */ = {
			isa = PBXNativeTarget;
			buildConfigurationList = 43632F0B29F8B18900A332E6 /* Build configuration list for PBXNativeTarget "CryptoFoglioUITests" */;
			buildPhases = (
				43632EF729F8B18900A332E6 /* Sources */,
				43632EF829F8B18900A332E6 /* Frameworks */,
				43632EF929F8B18900A332E6 /* Resources */,
			);
			buildRules = (
			);
			dependencies = (
				43632EFD29F8B18900A332E6 /* PBXTargetDependency */,
			);
			name = CryptoFoglioUITests;
			productName = CryptoFoglioUITests;
			productReference = 43632EFB29F8B18900A332E6 /* CryptoFoglioUITests.xctest */;
			productType = "com.apple.product-type.bundle.ui-testing";
		};
/* End PBXNativeTarget section */

/* Begin PBXProject section */
		43632ED829F8B18700A332E6 /* Project object */ = {
			isa = PBXProject;
			attributes = {
				BuildIndependentTargetsInParallel = 1;
				LastSwiftUpdateCheck = 1430;
				LastUpgradeCheck = 1430;
				TargetAttributes = {
					43632EDF29F8B18700A332E6 = {
						CreatedOnToolsVersion = 14.3;
					};
					43632EF029F8B18900A332E6 = {
						CreatedOnToolsVersion = 14.3;
						TestTargetID = 43632EDF29F8B18700A332E6;
					};
					43632EFA29F8B18900A332E6 = {
						CreatedOnToolsVersion = 14.3;
						TestTargetID = 43632EDF29F8B18700A332E6;
					};
				};
			};
			buildConfigurationList = 43632EDB29F8B18700A332E6 /* Build configuration list for PBXProject "CryptoFoglio" */;
			compatibilityVersion = "Xcode 14.0";
			developmentRegion = en;
			hasScannedForEncodings = 0;
			knownRegions = (
				en,
				Base,
			);
			mainGroup = 43632ED729F8B18700A332E6;
			productRefGroup = 43632EE129F8B18700A332E6 /* Products */;
			projectDirPath = "";
			projectRoot = "";
			targets = (
				43632EDF29F8B18700A332E6 /* CryptoFoglio */,
				43632EF029F8B18900A332E6 /* CryptoFoglioTests */,
				43632EFA29F8B18900A332E6 /* CryptoFoglioUITests */,
			);
		};
/* End PBXProject section */

/* Begin PBXResourcesBuildPhase section */
		43632EDE29F8B18700A332E6 /* Resources */ = {
			isa = PBXResourcesBuildPhase;
			buildActionMask = 2147483647;
			files = (
				43632EEC29F8B18900A332E6 /* Preview Assets.xcassets in Resources */,
				43632EE829F8B18900A332E6 /* Assets.xcassets in Resources */,
			);
			runOnlyForDeploymentPostprocessing = 0;
		};
		43632EEF29F8B18900A332E6 /* Resources */ = {
			isa = PBXResourcesBuildPhase;
			buildActionMask = 2147483647;
			files = (
			);
			runOnlyForDeploymentPostprocessing = 0;
		};
		43632EF929F8B18900A332E6 /* Resources */ = {
			isa = PBXResourcesBuildPhase;
			buildActionMask = 2147483647;
			files = (
			);
			runOnlyForDeploymentPostprocessing = 0;
		};
/* End PBXResourcesBuildPhase section */

/* Begin PBXSourcesBuildPhase section */
		43632EDC29F8B18700A332E6 /* Sources */ = {
			isa = PBXSourcesBuildPhase;
			buildActionMask = 2147483647;
			files = (
				43632EE629F8B18700A332E6 /* ContentView.swift in Sources */,
				43632F1129F8B28D00A332E6 /* Home.swift in Sources */,
				43632EE429F8B18700A332E6 /* CryptoFoglioApp.swift in Sources */,
			);
			runOnlyForDeploymentPostprocessing = 0;
		};
		43632EED29F8B18900A332E6 /* Sources */ = {
			isa = PBXSourcesBuildPhase;
			buildActionMask = 2147483647;
			files = (
				43632EF629F8B18900A332E6 /* CryptoFoglioTests.swift in Sources */,
			);
			runOnlyForDeploymentPostprocessing = 0;
		};
		43632EF729F8B18900A332E6 /* Sources */ = {
			isa = PBXSourcesBuildPhase;
			buildActionMask = 2147483647;
			files = (
				43632F0029F8B18900A332E6 /* CryptoFoglioUITests.swift in Sources */,
				43632F0229F8B18900A332E6 /* CryptoFoglioUITestsLaunchTests.swift in Sources */,
			);
			runOnlyForDeploymentPostprocessing = 0;
		};
/* End PBXSourcesBuildPhase section */

/* Begin PBXTargetDependency section */
		43632EF329F8B18900A332E6 /* PBXTargetDependency */ = {
			isa = PBXTargetDependency;
			target = 43632EDF29F8B18700A332E6 /* CryptoFoglio */;
			targetProxy = 43632EF229F8B18900A332E6 /* PBXContainerItemProxy */;
		};
		43632EFD29F8B18900A332E6 /* PBXTargetDependency */ = {
			isa = PBXTargetDependency;
			target = 43632EDF29F8B18700A332E6 /* CryptoFoglio */;
			targetProxy = 43632EFC29F8B18900A332E6 /* PBXContainerItemProxy */;
		};
/* End PBXTargetDependency section */

/* Begin XCBuildConfiguration section */
		43632F0329F8B18900A332E6 /* Debug */ = {
			isa = XCBuildConfiguration;
			buildSettings = {
				ALWAYS_SEARCH_USER_PATHS = NO;
				CLANG_ANALYZER_NONNULL = YES;
				CLANG_ANALYZER_NUMBER_OBJECT_CONVERSION = YES_AGGRESSIVE;
				CLANG_CXX_LANGUAGE_STANDARD = "gnu++20";
				CLANG_ENABLE_MODULES = YES;
				CLANG_ENABLE_OBJC_ARC = YES;
				CLANG_ENABLE_OBJC_WEAK = YES;
				CLANG_WARN_BLOCK_CAPTURE_AUTORELEASING = YES;
				CLANG_WARN_BOOL_CONVERSION = YES;
				CLANG_WARN_COMMA = YES;
				CLANG_WARN_CONSTANT_CONVERSION = YES;
				CLANG_WARN_DEPRECATED_OBJC_IMPLEMENTATIONS = YES;
				CLANG_WARN_DIRECT_OBJC_ISA_USAGE = YES_ERROR;
				CLANG_WARN_DOCUMENTATION_COMMENTS = YES;
				CLANG_WARN_EMPTY_BODY = YES;
				CLANG_WARN_ENUM_CONVERSION = YES;
				CLANG_WARN_INFINITE_RECURSION = YES;
				CLANG_WARN_INT_CONVERSION = YES;
				CLANG_WARN_NON_LITERAL_NULL_CONVERSION = YES;
				CLANG_WARN_OBJC_IMPLICIT_RETAIN_SELF = YES;
				CLANG_WARN_OBJC_LITERAL_CONVERSION = YES;
				CLANG_WARN_OBJC_ROOT_CLASS = YES_ERROR;
				CLANG_WARN_QUOTED_INCLUDE_IN_FRAMEWORK_HEADER = YES;
				CLANG_WARN_RANGE_LOOP_ANALYSIS = YES;
				CLANG_WARN_STRICT_PROTOTYPES = YES;
				CLANG_WARN_SUSPICIOUS_MOVE = YES;
				CLANG_WARN_UNGUARDED_AVAILABILITY = YES_AGGRESSIVE;
				CLANG_WARN_UNREACHABLE_CODE = YES;
				CLANG_WARN__DUPLICATE_METHOD_MATCH = YES;
				COPY_PHASE_STRIP = NO;
				DEBUG_INFORMATION_FORMAT = dwarf;
				ENABLE_STRICT_OBJC_MSGSEND = YES;
				ENABLE_TESTABILITY = YES;
				GCC_C_LANGUAGE_STANDARD = gnu11;
				GCC_DYNAMIC_NO_PIC = NO;
				GCC_NO_COMMON_BLOCKS = YES;
				GCC_OPTIMIZATION_LEVEL = 0;
				GCC_PREPROCESSOR_DEFINITIONS = (
					"DEBUG=1",
					"$(inherited)",
				);
				GCC_WARN_64_TO_32_BIT_CONVERSION = YES;
				GCC_WARN_ABOUT_RETURN_TYPE = YES_ERROR;
				GCC_WARN_UNDECLARED_SELECTOR = YES;
				GCC_WARN_UNINITIALIZED_AUTOS = YES_AGGRESSIVE;
				GCC_WARN_UNUSED_FUNCTION = YES;
				GCC_WARN_UNUSED_VARIABLE = YES;
				MTL_ENABLE_DEBUG_INFO = INCLUDE_SOURCE;
				MTL_FAST_MATH = YES;
				ONLY_ACTIVE_ARCH = YES;
				SWIFT_ACTIVE_COMPILATION_CONDITIONS = DEBUG;
				SWIFT_OPTIMIZATION_LEVEL = "-Onone";
			};
			name = Debug;
		};
		43632F0429F8B18900A332E6 /* Release */ = {
			isa = XCBuildConfiguration;
			buildSettings = {
				ALWAYS_SEARCH_USER_PATHS = NO;
				CLANG_ANALYZER_NONNULL = YES;
				CLANG_ANALYZER_NUMBER_OBJECT_CONVERSION = YES_AGGRESSIVE;
				CLANG_CXX_LANGUAGE_STANDARD = "gnu++20";
				CLANG_ENABLE_MODULES = YES;
				CLANG_ENABLE_OBJC_ARC = YES;
				CLANG_ENABLE_OBJC_WEAK = YES;
				CLANG_WARN_BLOCK_CAPTURE_AUTORELEASING = YES;
				CLANG_WARN_BOOL_CONVERSION = YES;
				CLANG_WARN_COMMA = YES;
				CLANG_WARN_CONSTANT_CONVERSION = YES;
				CLANG_WARN_DEPRECATED_OBJC_IMPLEMENTATIONS = YES;
				CLANG_WARN_DIRECT_OBJC_ISA_USAGE = YES_ERROR;
				CLANG_WARN_DOCUMENTATION_COMMENTS = YES;
				CLANG_WARN_EMPTY_BODY = YES;
				CLANG_WARN_ENUM_CONVERSION = YES;
				CLANG_WARN_INFINITE_RECURSION = YES;
				CLANG_WARN_INT_CONVERSION = YES;
				CLANG_WARN_NON_LITERAL_NULL_CONVERSION = YES;
				CLANG_WARN_OBJC_IMPLICIT_RETAIN_SELF = YES;
				CLANG_WARN_OBJC_LITERAL_CONVERSION = YES;
				CLANG_WARN_OBJC_ROOT_CLASS = YES_ERROR;
				CLANG_WARN_QUOTED_INCLUDE_IN_FRAMEWORK_HEADER = YES;
				CLANG_WARN_RANGE_LOOP_ANALYSIS = YES;
				CLANG_WARN_STRICT_PROTOTYPES = YES;
				CLANG_WARN_SUSPICIOUS_MOVE = YES;
				CLANG_WARN_UNGUARDED_AVAILABILITY = YES_AGGRESSIVE;
				CLANG_WARN_UNREACHABLE_CODE = YES;
				CLANG_WARN__DUPLICATE_METHOD_MATCH = YES;
				COPY_PHASE_STRIP = NO;
				DEBUG_INFORMATION_FORMAT = "dwarf-with-dsym";
				ENABLE_NS_ASSERTIONS = NO;
				ENABLE_STRICT_OBJC_MSGSEND = YES;
				GCC_C_LANGUAGE_STANDARD = gnu11;
				GCC_NO_COMMON_BLOCKS = YES;
				GCC_WARN_64_TO_32_BIT_CONVERSION = YES;
				GCC_WARN_ABOUT_RETURN_TYPE = YES_ERROR;
				GCC_WARN_UNDECLARED_SELECTOR = YES;
				GCC_WARN_UNINITIALIZED_AUTOS = YES_AGGRESSIVE;
				GCC_WARN_UNUSED_FUNCTION = YES;
				GCC_WARN_UNUSED_VARIABLE = YES;
				MTL_ENABLE_DEBUG_INFO = NO;
				MTL_FAST_MATH = YES;
				SWIFT_COMPILATION_MODE = wholemodule;
				SWIFT_OPTIMIZATION_LEVEL = "-O";
			};
			name = Release;
		};
		43632F0629F8B18900A332E6 /* Debug */ = {
			isa = XCBuildConfiguration;
			buildSettings = {
				ASSETCATALOG_COMPILER_APPICON_NAME = AppIcon;
				ASSETCATALOG_COMPILER_GLOBAL_ACCENT_COLOR_NAME = AccentColor;
				CODE_SIGN_ENTITLEMENTS = CryptoFoglio/CryptoFoglio.entitlements;
				CODE_SIGN_STYLE = Automatic;
				CURRENT_PROJECT_VERSION = 1;
				DEVELOPMENT_ASSET_PATHS = "\"CryptoFoglio/Preview Content\"";
				DEVELOPMENT_TEAM = S49Q3W74YE;
				ENABLE_HARDENED_RUNTIME = YES;
				ENABLE_PREVIEWS = YES;
				GENERATE_INFOPLIST_FILE = YES;
				"INFOPLIST_KEY_UIApplicationSceneManifest_Generation[sdk=iphoneos*]" = YES;
				"INFOPLIST_KEY_UIApplicationSceneManifest_Generation[sdk=iphonesimulator*]" = YES;
				"INFOPLIST_KEY_UIApplicationSupportsIndirectInputEvents[sdk=iphoneos*]" = YES;
				"INFOPLIST_KEY_UIApplicationSupportsIndirectInputEvents[sdk=iphonesimulator*]" = YES;
				"INFOPLIST_KEY_UILaunchScreen_Generation[sdk=iphoneos*]" = YES;
				"INFOPLIST_KEY_UILaunchScreen_Generation[sdk=iphonesimulator*]" = YES;
				"INFOPLIST_KEY_UIStatusBarStyle[sdk=iphoneos*]" = UIStatusBarStyleDefault;
				"INFOPLIST_KEY_UIStatusBarStyle[sdk=iphonesimulator*]" = UIStatusBarStyleDefault;
				INFOPLIST_KEY_UISupportedInterfaceOrientations_iPad = "UIInterfaceOrientationPortrait UIInterfaceOrientationPortraitUpsideDown UIInterfaceOrientationLandscapeLeft UIInterfaceOrientationLandscapeRight";
				INFOPLIST_KEY_UISupportedInterfaceOrientations_iPhone = "UIInterfaceOrientationPortrait UIInterfaceOrientationLandscapeLeft UIInterfaceOrientationLandscapeRight";
				IPHONEOS_DEPLOYMENT_TARGET = 16.4;
				LD_RUNPATH_SEARCH_PATHS = "@executable_path/Frameworks";
				"LD_RUNPATH_SEARCH_PATHS[sdk=macosx*]" = "@executable_path/../Frameworks";
				MACOSX_DEPLOYMENT_TARGET = 13.0;
				MARKETING_VERSION = 1.0;
				PRODUCT_BUNDLE_IDENTIFIER = botchu.CryptoFoglio;
				PRODUCT_NAME = "$(TARGET_NAME)";
				SDKROOT = auto;
				SUPPORTED_PLATFORMS = "iphoneos iphonesimulator macosx";
				SWIFT_EMIT_LOC_STRINGS = YES;
				SWIFT_VERSION = 5.0;
				TARGETED_DEVICE_FAMILY = "1,2";
			};
			name = Debug;
		};
		43632F0729F8B18900A332E6 /* Release */ = {
			isa = XCBuildConfiguration;
			buildSettings = {
				ASSETCATALOG_COMPILER_APPICON_NAME = AppIcon;
				ASSETCATALOG_COMPILER_GLOBAL_ACCENT_COLOR_NAME = AccentColor;
				CODE_SIGN_ENTITLEMENTS = CryptoFoglio/CryptoFoglio.entitlements;
				CODE_SIGN_STYLE = Automatic;
				CURRENT_PROJECT_VERSION = 1;
				DEVELOPMENT_ASSET_PATHS = "\"CryptoFoglio/Preview Content\"";
				DEVELOPMENT_TEAM = S49Q3W74YE;
				ENABLE_HARDENED_RUNTIME = YES;
				ENABLE_PREVIEWS = YES;
				GENERATE_INFOPLIST_FILE = YES;
				"INFOPLIST_KEY_UIApplicationSceneManifest_Generation[sdk=iphoneos*]" = YES;
				"INFOPLIST_KEY_UIApplicationSceneManifest_Generation[sdk=iphonesimulator*]" = YES;
				"INFOPLIST_KEY_UIApplicationSupportsIndirectInputEvents[sdk=iphoneos*]" = YES;
				"INFOPLIST_KEY_UIApplicationSupportsIndirectInputEvents[sdk=iphonesimulator*]" = YES;
				"INFOPLIST_KEY_UILaunchScreen_Generation[sdk=iphoneos*]" = YES;
				"INFOPLIST_KEY_UILaunchScreen_Generation[sdk=iphonesimulator*]" = YES;
				"INFOPLIST_KEY_UIStatusBarStyle[sdk=iphoneos*]" = UIStatusBarStyleDefault;
				"INFOPLIST_KEY_UIStatusBarStyle[sdk=iphonesimulator*]" = UIStatusBarStyleDefault;
				INFOPLIST_KEY_UISupportedInterfaceOrientations_iPad = "UIInterfaceOrientationPortrait UIInterfaceOrientationPortraitUpsideDown UIInterfaceOrientationLandscapeLeft UIInterfaceOrientationLandscapeRight";
				INFOPLIST_KEY_UISupportedInterfaceOrientations_iPhone = "UIInterfaceOrientationPortrait UIInterfaceOrientationLandscapeLeft UIInterfaceOrientationLandscapeRight";
				IPHONEOS_DEPLOYMENT_TARGET = 16.4;
				LD_RUNPATH_SEARCH_PATHS = "@executable_path/Frameworks";
				"LD_RUNPATH_SEARCH_PATHS[sdk=macosx*]" = "@executable_path/../Frameworks";
				MACOSX_DEPLOYMENT_TARGET = 13.0;
				MARKETING_VERSION = 1.0;
				PRODUCT_BUNDLE_IDENTIFIER = botchu.CryptoFoglio;
				PRODUCT_NAME = "$(TARGET_NAME)";
				SDKROOT = auto;
				SUPPORTED_PLATFORMS = "iphoneos iphonesimulator macosx";
				SWIFT_EMIT_LOC_STRINGS = YES;
				SWIFT_VERSION = 5.0;
				TARGETED_DEVICE_FAMILY = "1,2";
			};
			name = Release;
		};
		43632F0929F8B18900A332E6 /* Debug */ = {
			isa = XCBuildConfiguration;
			buildSettings = {
				ALWAYS_EMBED_SWIFT_STANDARD_LIBRARIES = YES;
				BUNDLE_LOADER = "$(TEST_HOST)";
				CODE_SIGN_STYLE = Automatic;
				CURRENT_PROJECT_VERSION = 1;
				DEVELOPMENT_TEAM = S49Q3W74YE;
				GENERATE_INFOPLIST_FILE = YES;
				IPHONEOS_DEPLOYMENT_TARGET = 16.4;
				MACOSX_DEPLOYMENT_TARGET = 13.0;
				MARKETING_VERSION = 1.0;
				PRODUCT_BUNDLE_IDENTIFIER = botchu.CryptoFoglioTests;
				PRODUCT_NAME = "$(TARGET_NAME)";
				SDKROOT = auto;
				SUPPORTED_PLATFORMS = "iphoneos iphonesimulator macosx";
				SWIFT_EMIT_LOC_STRINGS = NO;
				SWIFT_VERSION = 5.0;
				TARGETED_DEVICE_FAMILY = "1,2";
				TEST_HOST = "$(BUILT_PRODUCTS_DIR)/CryptoFoglio.app/$(BUNDLE_EXECUTABLE_FOLDER_PATH)/CryptoFoglio";
			};
			name = Debug;
		};
		43632F0A29F8B18900A332E6 /* Release */ = {
			isa = XCBuildConfiguration;
			buildSettings = {
				ALWAYS_EMBED_SWIFT_STANDARD_LIBRARIES = YES;
				BUNDLE_LOADER = "$(TEST_HOST)";
				CODE_SIGN_STYLE = Automatic;
				CURRENT_PROJECT_VERSION = 1;
				DEVELOPMENT_TEAM = S49Q3W74YE;
				GENERATE_INFOPLIST_FILE = YES;
				IPHONEOS_DEPLOYMENT_TARGET = 16.4;
				MACOSX_DEPLOYMENT_TARGET = 13.0;
				MARKETING_VERSION = 1.0;
				PRODUCT_BUNDLE_IDENTIFIER = botchu.CryptoFoglioTests;
				PRODUCT_NAME = "$(TARGET_NAME)";
				SDKROOT = auto;
				SUPPORTED_PLATFORMS = "iphoneos iphonesimulator macosx";
				SWIFT_EMIT_LOC_STRINGS = NO;
				SWIFT_VERSION = 5.0;
				TARGETED_DEVICE_FAMILY = "1,2";
				TEST_HOST = "$(BUILT_PRODUCTS_DIR)/CryptoFoglio.app/$(BUNDLE_EXECUTABLE_FOLDER_PATH)/CryptoFoglio";
			};
			name = Release;
		};
		43632F0C29F8B18900A332E6 /* Debug */ = {
			isa = XCBuildConfiguration;
			buildSettings = {
				ALWAYS_EMBED_SWIFT_STANDARD_LIBRARIES = YES;
				CODE_SIGN_STYLE = Automatic;
				CURRENT_PROJECT_VERSION = 1;
				DEVELOPMENT_TEAM = S49Q3W74YE;
				GENERATE_INFOPLIST_FILE = YES;
				IPHONEOS_DEPLOYMENT_TARGET = 16.4;
				MACOSX_DEPLOYMENT_TARGET = 13.0;
				MARKETING_VERSION = 1.0;
				PRODUCT_BUNDLE_IDENTIFIER = botchu.CryptoFoglioUITests;
				PRODUCT_NAME = "$(TARGET_NAME)";
				SDKROOT = auto;
				SUPPORTED_PLATFORMS = "iphoneos iphonesimulator macosx";
				SWIFT_EMIT_LOC_STRINGS = NO;
				SWIFT_VERSION = 5.0;
				TARGETED_DEVICE_FAMILY = "1,2";
				TEST_TARGET_NAME = CryptoFoglio;
			};
			name = Debug;
		};
		43632F0D29F8B18900A332E6 /* Release */ = {
			isa = XCBuildConfiguration;
			buildSettings = {
				ALWAYS_EMBED_SWIFT_STANDARD_LIBRARIES = YES;
				CODE_SIGN_STYLE = Automatic;
				CURRENT_PROJECT_VERSION = 1;
				DEVELOPMENT_TEAM = S49Q3W74YE;
				GENERATE_INFOPLIST_FILE = YES;
				IPHONEOS_DEPLOYMENT_TARGET = 16.4;
				MACOSX_DEPLOYMENT_TARGET = 13.0;
				MARKETING_VERSION = 1.0;
				PRODUCT_BUNDLE_IDENTIFIER = botchu.CryptoFoglioUITests;
				PRODUCT_NAME = "$(TARGET_NAME)";
				SDKROOT = auto;
				SUPPORTED_PLATFORMS = "iphoneos iphonesimulator macosx";
				SWIFT_EMIT_LOC_STRINGS = NO;
				SWIFT_VERSION = 5.0;
				TARGETED_DEVICE_FAMILY = "1,2";
				TEST_TARGET_NAME = CryptoFoglio;
			};
			name = Release;
		};
/* End XCBuildConfiguration section */

/* Begin XCConfigurationList section */
		43632EDB29F8B18700A332E6 /* Build configuration list for PBXProject "CryptoFoglio" */ = {
			isa = XCConfigurationList;
			buildConfigurations = (
				43632F0329F8B18900A332E6 /* Debug */,
				43632F0429F8B18900A332E6 /* Release */,
			);
			defaultConfigurationIsVisible = 0;
			defaultConfigurationName = Release;
		};
		43632F0529F8B18900A332E6 /* Build configuration list for PBXNativeTarget "CryptoFoglio" */ = {
			isa = XCConfigurationList;
			buildConfigurations = (
				43632F0629F8B18900A332E6 /* Debug */,
				43632F0729F8B18900A332E6 /* Release */,
			);
			defaultConfigurationIsVisible = 0;
			defaultConfigurationName = Release;
		};
		43632F0829F8B18900A332E6 /* Build configuration list for PBXNativeTarget "CryptoFoglioTests" */ = {
			isa = XCConfigurationList;
			buildConfigurations = (
				43632F0929F8B18900A332E6 /* Debug */,
				43632F0A29F8B18900A332E6 /* Release */,
			);
			defaultConfigurationIsVisible = 0;
			defaultConfigurationName = Release;
		};
		43632F0B29F8B18900A332E6 /* Build configuration list for PBXNativeTarget "CryptoFoglioUITests" */ = {
			isa = XCConfigurationList;
			buildConfigurations = (
				43632F0C29F8B18900A332E6 /* Debug */,
				43632F0D29F8B18900A332E6 /* Release */,
			);
			defaultConfigurationIsVisible = 0;
			defaultConfigurationName = Release;
		};
/* End XCConfigurationList section */
	};
	rootObject = 43632ED829F8B18700A332E6 /* Project object */;
}
